
Microsoft Visual Studio Solution File, Format Version 11.00
# Visual Studio 2010
Project("{8BC9CEB8-8B4A-11D0-8D11-00A0C91BC942}") = "GLSock", "gm_glsock\gm_glsock.vcxproj", "{51B7F691-7506-4F9D-8021-B4EB78194DC5}"
EndProject
Global
	GlobalSection(SolutionConfigurationPlatforms) = preSolution
		Debug|Win32 = Debug|Win32
		Release|Win32 = Release|Win32
	EndGlobalSection
	GlobalSection(ProjectConfigurationPlatforms) = postSolution
		{51B7F691-7506-4F9D-8021-B4EB78194DC5}.Debug|Win32.ActiveCfg = Debug|Win32
		{51B7F691-7506-4F9D-8021-B4EB78194DC5}.Debug|Win32.Build.0 = Debug|Win32
		{51B7F691-7506-4F9D-8021-B4EB78194DC5}.Release|Win32.ActiveCfg = Release|Win32
		{51B7F691-7506-4F9D-8021-B4EB78194DC5}.Release|Win32.Build.0 = Release|Win32
	EndGlobalSection
	GlobalSection(SolutionProperties) = preSolution
		HideSolutionNode = FALSE
	EndGlobalSection
EndGlobal
