<?xml version="1.0" encoding="utf-8"?>
<Project ToolsVersion="4.0" xmlns="http://schemas.microsoft.com/developer/msbuild/2003">
  <ItemGroup>
    <Filter Include="Source Files">
      <UniqueIdentifier>{4FC737F1-C7A5-4376-A066-2A32D752A2FF}</UniqueIdentifier>
      <Extensions>cpp;c;cc;cxx;def;odl;idl;hpj;bat;asm;asmx</Extensions>
    </Filter>
    <Filter Include="Header Files">
      <UniqueIdentifier>{93995380-89BD-4b04-88EB-625FBE52EBFB}</UniqueIdentifier>
      <Extensions>h;hpp;hxx;hm;inl;inc;xsd</Extensions>
    </Filter>
    <Filter Include="Header Files\GModule">
      <UniqueIdentifier>{46b42edc-2acd-40c2-bce4-ac4435768a8c}</UniqueIdentifier>
    </Filter>
  </ItemGroup>
  <ItemGroup>
    <ClCompile Include="BufferMgr.cpp">
      <Filter>Source Files</Filter>
    </ClCompile>
    <ClCompile Include="GLSock.cpp">
      <Filter>Source Files</Filter>
    </ClCompile>
    <ClCompile Include="GLSockBuffer.cpp">
      <Filter>Source Files</Filter>
    </ClCompile>
    <ClCompile Include="main.cpp">
      <Filter>Source Files</Filter>
    </ClCompile>
    <ClCompile Include="SockMgr.cpp">
      <Filter>Source Files</Filter>
    </ClCompile>
    <ClCompile Include="BindingGLSock.cpp">
      <Filter>Source Files</Filter>
    </ClCompile>
    <ClCompile Include="BindingGLSockBuffer.cpp">
      <Filter>Source Files</Filter>
    </ClCompile>
    <ClCompile Include="GLSockAcceptor.cpp">
      <Filter>Source Files</Filter>
    </ClCompile>
    <ClCompile Include="GLSockTCP.cpp">
      <Filter>Source Files</Filter>
    </ClCompile>
    <ClCompile Include="GLSockUDP.cpp">
      <Filter>Source Files</Filter>
    </ClCompile>
  </ItemGroup>
  <ItemGroup>
    <ClInclude Include="BufferMgr.h">
      <Filter>Header Files</Filter>
    </ClInclude>
    <ClInclude Include="GLSock.h">
      <Filter>Header Files</Filter>
    </ClInclude>
    <ClInclude Include="GLSockBuffer.h">
      <Filter>Header Files</Filter>
    </ClInclude>
    <ClInclude Include="Lock.h">
      <Filter>Header Files</Filter>
    </ClInclude>
    <ClInclude Include="SockMgr.h">
      <Filter>Header Files</Filter>
    </ClInclude>
    <ClInclude Include="GMLuaModule.h">
      <Filter>Header Files\GModule</Filter>
    </ClInclude>
    <ClInclude Include="ILuaInterface.h">
      <Filter>Header Files\GModule</Filter>
    </ClInclude>
    <ClInclude Include="ILuaModuleManager.h">
      <Filter>Header Files\GModule</Filter>
    </ClInclude>
    <ClInclude Include="ILuaObject.h">
      <Filter>Header Files\GModule</Filter>
    </ClInclude>
    <ClInclude Include="ILuaShared.h">
      <Filter>Header Files\GModule</Filter>
    </ClInclude>
    <ClInclude Include="BindingGLSock.h">
      <Filter>Header Files</Filter>
    </ClInclude>
    <ClInclude Include="BindingGLSockBuffer.h">
      <Filter>Header Files</Filter>
    </ClInclude>
    <ClInclude Include="GLSockAcceptor.h">
      <Filter>Header Files</Filter>
    </ClInclude>
    <ClInclude Include="GLSockTCP.h">
      <Filter>Header Files</Filter>
    </ClInclude>
    <ClInclude Include="GLSockUDP.h">
      <Filter>Header Files</Filter>
    </ClInclude>
  </ItemGroup>
</Project>